// !$*UTF8*$!
{
	archiveVersion = 1;
	classes = {
	};
	objectVersion = 51;
	objects = {

/* Begin PBXBuildFile section */
		2A51348024BF83260002A55E /* AppDelegate.swift in Sources */ = {isa = PBXBuildFile; fileRef = 2A51347F24BF83260002A55E /* AppDelegate.swift */; };
		2A51348224BF83260002A55E /* SceneDelegate.swift in Sources */ = {isa = PBXBuildFile; fileRef = 2A51348124BF83260002A55E /* SceneDelegate.swift */; };
		2A51348724BF83260002A55E /* Main.storyboard in Resources */ = {isa = PBXBuildFile; fileRef = 2A51348524BF83260002A55E /* Main.storyboard */; };
		2A51348924BF832B0002A55E /* Assets.xcassets in Resources */ = {isa = PBXBuildFile; fileRef = 2A51348824BF832B0002A55E /* Assets.xcassets */; };
		2A51348C24BF832B0002A55E /* LaunchScreen.storyboard in Resources */ = {isa = PBXBuildFile; fileRef = 2A51348A24BF832B0002A55E /* LaunchScreen.storyboard */; };
		2A9FE75924D47CFC00AB0A42 /* NewPostViewController.swift in Sources */ = {isa = PBXBuildFile; fileRef = 2A9FE75824D47CFC00AB0A42 /* NewPostViewController.swift */; };
		2A9FE75B24D483D000AB0A42 /* Post.swift in Sources */ = {isa = PBXBuildFile; fileRef = 2A9FE75A24D483D000AB0A42 /* Post.swift */; };
		2A9FE75D24D4842600AB0A42 /* FeedsTableViewController.swift in Sources */ = {isa = PBXBuildFile; fileRef = 2A9FE75C24D4842600AB0A42 /* FeedsTableViewController.swift */; };
		2A9FE75F24D484C400AB0A42 /* PostedPhotoTableViewCell.swift in Sources */ = {isa = PBXBuildFile; fileRef = 2A9FE75E24D484C400AB0A42 /* PostedPhotoTableViewCell.swift */; };
		2AE5666E24D74B15005CC50B /* GoogleService-Info.plist in Resources */ = {isa = PBXBuildFile; fileRef = 2AE5666D24D74B15005CC50B /* GoogleService-Info.plist */; };
		55110CF524CFA4340093DA8B /* MapViewController.swift in Sources */ = {isa = PBXBuildFile; fileRef = 55110CF424CFA4340093DA8B /* MapViewController.swift */; };
		55110CF724CFA44B0093DA8B /* ProfileViewController.swift in Sources */ = {isa = PBXBuildFile; fileRef = 55110CF624CFA44B0093DA8B /* ProfileViewController.swift */; };
		AF07D85724D0B86D006415CB /* Utilities.swift in Sources */ = {isa = PBXBuildFile; fileRef = AF07D85624D0B86C006415CB /* Utilities.swift */; };
		AF07D85D24D0B89F006415CB /* HomeViewController.swift in Sources */ = {isa = PBXBuildFile; fileRef = AF07D85924D0B89E006415CB /* HomeViewController.swift */; };
		AF07D85E24D0B89F006415CB /* LoginInViewController.swift in Sources */ = {isa = PBXBuildFile; fileRef = AF07D85A24D0B89E006415CB /* LoginInViewController.swift */; };
		AF07D85F24D0B89F006415CB /* ViewController.swift in Sources */ = {isa = PBXBuildFile; fileRef = AF07D85B24D0B89E006415CB /* ViewController.swift */; };
		AF07D86024D0B89F006415CB /* SignUpViewController.swift in Sources */ = {isa = PBXBuildFile; fileRef = AF07D85C24D0B89F006415CB /* SignUpViewController.swift */; };
		B576DA58D1B0AD3356214E65 /* Pods_Sprout.framework in Frameworks */ = {isa = PBXBuildFile; fileRef = 3FE1AB71D5E1CF2E0A933DE4 /* Pods_Sprout.framework */; };
/* End PBXBuildFile section */

/* Begin PBXFileReference section */
		2A51347C24BF83260002A55E /* Sprout.app */ = {isa = PBXFileReference; explicitFileType = wrapper.application; includeInIndex = 0; path = Sprout.app; sourceTree = BUILT_PRODUCTS_DIR; };
		2A51347F24BF83260002A55E /* AppDelegate.swift */ = {isa = PBXFileReference; lastKnownFileType = sourcecode.swift; path = AppDelegate.swift; sourceTree = "<group>"; };
		2A51348124BF83260002A55E /* SceneDelegate.swift */ = {isa = PBXFileReference; lastKnownFileType = sourcecode.swift; path = SceneDelegate.swift; sourceTree = "<group>"; };
		2A51348624BF83260002A55E /* Base */ = {isa = PBXFileReference; lastKnownFileType = file.storyboard; name = Base; path = Base.lproj/Main.storyboard; sourceTree = "<group>"; };
		2A51348824BF832B0002A55E /* Assets.xcassets */ = {isa = PBXFileReference; lastKnownFileType = folder.assetcatalog; path = Assets.xcassets; sourceTree = "<group>"; };
		2A51348B24BF832B0002A55E /* Base */ = {isa = PBXFileReference; lastKnownFileType = file.storyboard; name = Base; path = Base.lproj/LaunchScreen.storyboard; sourceTree = "<group>"; };
		2A51348D24BF832B0002A55E /* Info.plist */ = {isa = PBXFileReference; lastKnownFileType = text.plist.xml; path = Info.plist; sourceTree = "<group>"; };
		2A9FE75824D47CFC00AB0A42 /* NewPostViewController.swift */ = {isa = PBXFileReference; lastKnownFileType = sourcecode.swift; path = NewPostViewController.swift; sourceTree = "<group>"; };
		2A9FE75A24D483D000AB0A42 /* Post.swift */ = {isa = PBXFileReference; lastKnownFileType = sourcecode.swift; name = Post.swift; path = Sprout/Post.swift; sourceTree = SOURCE_ROOT; };
		2A9FE75C24D4842600AB0A42 /* FeedsTableViewController.swift */ = {isa = PBXFileReference; lastKnownFileType = sourcecode.swift; path = FeedsTableViewController.swift; sourceTree = "<group>"; };
		2A9FE75E24D484C400AB0A42 /* PostedPhotoTableViewCell.swift */ = {isa = PBXFileReference; lastKnownFileType = sourcecode.swift; path = PostedPhotoTableViewCell.swift; sourceTree = "<group>"; };
		2AE5666D24D74B15005CC50B /* GoogleService-Info.plist */ = {isa = PBXFileReference; fileEncoding = 4; lastKnownFileType = text.plist.xml; name = "GoogleService-Info.plist"; path = "../../../GoogleService-Info.plist"; sourceTree = "<group>"; };
		3FE1AB71D5E1CF2E0A933DE4 /* Pods_Sprout.framework */ = {isa = PBXFileReference; explicitFileType = wrapper.framework; includeInIndex = 0; path = Pods_Sprout.framework; sourceTree = BUILT_PRODUCTS_DIR; };
		55110CF424CFA4340093DA8B /* MapViewController.swift */ = {isa = PBXFileReference; lastKnownFileType = sourcecode.swift; path = MapViewController.swift; sourceTree = "<group>"; };
		55110CF624CFA44B0093DA8B /* ProfileViewController.swift */ = {isa = PBXFileReference; lastKnownFileType = sourcecode.swift; path = ProfileViewController.swift; sourceTree = "<group>"; };
		AF07D85624D0B86C006415CB /* Utilities.swift */ = {isa = PBXFileReference; fileEncoding = 4; lastKnownFileType = sourcecode.swift; path = Utilities.swift; sourceTree = "<group>"; };
		AF07D85924D0B89E006415CB /* HomeViewController.swift */ = {isa = PBXFileReference; fileEncoding = 4; lastKnownFileType = sourcecode.swift; path = HomeViewController.swift; sourceTree = "<group>"; };
		AF07D85A24D0B89E006415CB /* LoginInViewController.swift */ = {isa = PBXFileReference; fileEncoding = 4; lastKnownFileType = sourcecode.swift; path = LoginInViewController.swift; sourceTree = "<group>"; };
		AF07D85B24D0B89E006415CB /* ViewController.swift */ = {isa = PBXFileReference; fileEncoding = 4; lastKnownFileType = sourcecode.swift; path = ViewController.swift; sourceTree = "<group>"; };
		AF07D85C24D0B89F006415CB /* SignUpViewController.swift */ = {isa = PBXFileReference; fileEncoding = 4; lastKnownFileType = sourcecode.swift; path = SignUpViewController.swift; sourceTree = "<group>"; };
		B46535AB6B36BF53F4F8856E /* Pods-Sprout.release.xcconfig */ = {isa = PBXFileReference; includeInIndex = 1; lastKnownFileType = text.xcconfig; name = "Pods-Sprout.release.xcconfig"; path = "Target Support Files/Pods-Sprout/Pods-Sprout.release.xcconfig"; sourceTree = "<group>"; };
		B7BDB3DC1A2F06DEF2B19781 /* Pods-Sprout.debug.xcconfig */ = {isa = PBXFileReference; includeInIndex = 1; lastKnownFileType = text.xcconfig; name = "Pods-Sprout.debug.xcconfig"; path = "Target Support Files/Pods-Sprout/Pods-Sprout.debug.xcconfig"; sourceTree = "<group>"; };
/* End PBXFileReference section */

/* Begin PBXFrameworksBuildPhase section */
		2A51347924BF83260002A55E /* Frameworks */ = {
			isa = PBXFrameworksBuildPhase;
			buildActionMask = 2147483647;
			files = (
				B576DA58D1B0AD3356214E65 /* Pods_Sprout.framework in Frameworks */,
			);
			runOnlyForDeploymentPostprocessing = 0;
		};
/* End PBXFrameworksBuildPhase section */

/* Begin PBXGroup section */
		2A51347324BF83260002A55E = {
			isa = PBXGroup;
			children = (
				2A51347E24BF83260002A55E /* Sprout */,
				2A51347D24BF83260002A55E /* Products */,
				DA05A6C2FE462BDFEB5D08CC /* Pods */,
				D7F10C62B9D7CB732102F6D9 /* Frameworks */,
			);
			sourceTree = "<group>";
		};
		2A51347D24BF83260002A55E /* Products */ = {
			isa = PBXGroup;
			children = (
				2A51347C24BF83260002A55E /* Sprout.app */,
			);
			name = Products;
			sourceTree = "<group>";
		};
		2A51347E24BF83260002A55E /* Sprout */ = {
			isa = PBXGroup;
			children = (
				55110CF024CFA38B0093DA8B /* ViewControllers */,
				2A51347F24BF83260002A55E /* AppDelegate.swift */,
				2A51348124BF83260002A55E /* SceneDelegate.swift */,
				2A51348524BF83260002A55E /* Main.storyboard */,
				2A51348824BF832B0002A55E /* Assets.xcassets */,
				2A51348A24BF832B0002A55E /* LaunchScreen.storyboard */,
				2AE5666D24D74B15005CC50B /* GoogleService-Info.plist */,
				2A51348D24BF832B0002A55E /* Info.plist */,
				AF07D85824D0B878006415CB /* Helpers */,
			);
			path = Sprout;
			sourceTree = "<group>";
		};
		55110CF024CFA38B0093DA8B /* ViewControllers */ = {
			isa = PBXGroup;
			children = (
				55110CF424CFA4340093DA8B /* MapViewController.swift */,
				55110CF624CFA44B0093DA8B /* ProfileViewController.swift */,
				AF07D85924D0B89E006415CB /* HomeViewController.swift */,
				2A9FE75E24D484C400AB0A42 /* PostedPhotoTableViewCell.swift */,
				AF07D85A24D0B89E006415CB /* LoginInViewController.swift */,
				2A9FE75C24D4842600AB0A42 /* FeedsTableViewController.swift */,
				2A9FE75824D47CFC00AB0A42 /* NewPostViewController.swift */,
				AF07D85C24D0B89F006415CB /* SignUpViewController.swift */,
				AF07D85B24D0B89E006415CB /* ViewController.swift */,
				2A9FE75A24D483D000AB0A42 /* Post.swift */,
			);
			path = ViewControllers;
			sourceTree = "<group>";
		};
		AF07D85824D0B878006415CB /* Helpers */ = {
			isa = PBXGroup;
			children = (
				AF07D85624D0B86C006415CB /* Utilities.swift */,
			);
			path = Helpers;
			sourceTree = "<group>";
		};
		D7F10C62B9D7CB732102F6D9 /* Frameworks */ = {
			isa = PBXGroup;
			children = (
				3FE1AB71D5E1CF2E0A933DE4 /* Pods_Sprout.framework */,
			);
			name = Frameworks;
			sourceTree = "<group>";
		};
		DA05A6C2FE462BDFEB5D08CC /* Pods */ = {
			isa = PBXGroup;
			children = (
				B7BDB3DC1A2F06DEF2B19781 /* Pods-Sprout.debug.xcconfig */,
				B46535AB6B36BF53F4F8856E /* Pods-Sprout.release.xcconfig */,
			);
			path = Pods;
			sourceTree = "<group>";
		};
/* End PBXGroup section */

/* Begin PBXNativeTarget section */
		2A51347B24BF83260002A55E /* Sprout */ = {
			isa = PBXNativeTarget;
			buildConfigurationList = 2A51349024BF832B0002A55E /* Build configuration list for PBXNativeTarget "Sprout" */;
			buildPhases = (
				8448FDB0DAD35D85FBC93EF3 /* [CP] Check Pods Manifest.lock */,
				2A51347824BF83260002A55E /* Sources */,
				2A51347924BF83260002A55E /* Frameworks */,
				2A51347A24BF83260002A55E /* Resources */,
				1F5D7A98E698FD48CDF247B0 /* [CP] Embed Pods Frameworks */,
			);
			buildRules = (
			);
			dependencies = (
			);
			name = Sprout;
			productName = Sprout;
			productReference = 2A51347C24BF83260002A55E /* Sprout.app */;
			productType = "com.apple.product-type.application";
		};
/* End PBXNativeTarget section */

/* Begin PBXProject section */
		2A51347424BF83260002A55E /* Project object */ = {
			isa = PBXProject;
			attributes = {
				LastSwiftUpdateCheck = 1150;
				LastUpgradeCheck = 1150;
				ORGANIZATIONNAME = "Sanzida Sultana";
				TargetAttributes = {
					2A51347B24BF83260002A55E = {
						CreatedOnToolsVersion = 11.5;
					};
				};
			};
			buildConfigurationList = 2A51347724BF83260002A55E /* Build configuration list for PBXProject "Sprout" */;
			compatibilityVersion = "Xcode 9.3";
			developmentRegion = en;
			hasScannedForEncodings = 0;
			knownRegions = (
				en,
				Base,
			);
			mainGroup = 2A51347324BF83260002A55E;
			productRefGroup = 2A51347D24BF83260002A55E /* Products */;
			projectDirPath = "";
			projectRoot = "";
			targets = (
				2A51347B24BF83260002A55E /* Sprout */,
			);
		};
/* End PBXProject section */

/* Begin PBXResourcesBuildPhase section */
		2A51347A24BF83260002A55E /* Resources */ = {
			isa = PBXResourcesBuildPhase;
			buildActionMask = 2147483647;
			files = (
				2A51348C24BF832B0002A55E /* LaunchScreen.storyboard in Resources */,
				2AE5666E24D74B15005CC50B /* GoogleService-Info.plist in Resources */,
				2A51348924BF832B0002A55E /* Assets.xcassets in Resources */,
				2A51348724BF83260002A55E /* Main.storyboard in Resources */,
			);
			runOnlyForDeploymentPostprocessing = 0;
		};
/* End PBXResourcesBuildPhase section */

/* Begin PBXShellScriptBuildPhase section */
		1F5D7A98E698FD48CDF247B0 /* [CP] Embed Pods Frameworks */ = {
			isa = PBXShellScriptBuildPhase;
			buildActionMask = 2147483647;
			files = (
			);
			inputFileListPaths = (
				"${PODS_ROOT}/Target Support Files/Pods-Sprout/Pods-Sprout-frameworks-${CONFIGURATION}-input-files.xcfilelist",
			);
			name = "[CP] Embed Pods Frameworks";
			outputFileListPaths = (
				"${PODS_ROOT}/Target Support Files/Pods-Sprout/Pods-Sprout-frameworks-${CONFIGURATION}-output-files.xcfilelist",
			);
			runOnlyForDeploymentPostprocessing = 0;
			shellPath = /bin/sh;
			shellScript = "\"${PODS_ROOT}/Target Support Files/Pods-Sprout/Pods-Sprout-frameworks.sh\"\n";
			showEnvVarsInLog = 0;
		};
		8448FDB0DAD35D85FBC93EF3 /* [CP] Check Pods Manifest.lock */ = {
			isa = PBXShellScriptBuildPhase;
			buildActionMask = 2147483647;
			files = (
			);
			inputFileListPaths = (
			);
			inputPaths = (
				"${PODS_PODFILE_DIR_PATH}/Podfile.lock",
				"${PODS_ROOT}/Manifest.lock",
			);
			name = "[CP] Check Pods Manifest.lock";
			outputFileListPaths = (
			);
			outputPaths = (
				"$(DERIVED_FILE_DIR)/Pods-Sprout-checkManifestLockResult.txt",
			);
			runOnlyForDeploymentPostprocessing = 0;
			shellPath = /bin/sh;
			shellScript = "diff \"${PODS_PODFILE_DIR_PATH}/Podfile.lock\" \"${PODS_ROOT}/Manifest.lock\" > /dev/null\nif [ $? != 0 ] ; then\n    # print error to STDERR\n    echo \"error: The sandbox is not in sync with the Podfile.lock. Run 'pod install' or update your CocoaPods installation.\" >&2\n    exit 1\nfi\n# This output is used by Xcode 'outputs' to avoid re-running this script phase.\necho \"SUCCESS\" > \"${SCRIPT_OUTPUT_FILE_0}\"\n";
			showEnvVarsInLog = 0;
		};
/* End PBXShellScriptBuildPhase section */

/* Begin PBXSourcesBuildPhase section */
		2A51347824BF83260002A55E /* Sources */ = {
			isa = PBXSourcesBuildPhase;
			buildActionMask = 2147483647;
			files = (
				2A9FE75924D47CFC00AB0A42 /* NewPostViewController.swift in Sources */,
				2A9FE75F24D484C400AB0A42 /* PostedPhotoTableViewCell.swift in Sources */,
				2A9FE75D24D4842600AB0A42 /* FeedsTableViewController.swift in Sources */,
				55110CF724CFA44B0093DA8B /* ProfileViewController.swift in Sources */,
				AF07D85E24D0B89F006415CB /* LoginInViewController.swift in Sources */,
				2A9FE75B24D483D000AB0A42 /* Post.swift in Sources */,
				AF07D85F24D0B89F006415CB /* ViewController.swift in Sources */,
				AF07D86024D0B89F006415CB /* SignUpViewController.swift in Sources */,
				2A51348024BF83260002A55E /* AppDelegate.swift in Sources */,
				AF07D85D24D0B89F006415CB /* HomeViewController.swift in Sources */,
				55110CF524CFA4340093DA8B /* MapViewController.swift in Sources */,
				AF07D85724D0B86D006415CB /* Utilities.swift in Sources */,
				2A51348224BF83260002A55E /* SceneDelegate.swift in Sources */,
			);
			runOnlyForDeploymentPostprocessing = 0;
		};
/* End PBXSourcesBuildPhase section */

/* Begin PBXVariantGroup section */
		2A51348524BF83260002A55E /* Main.storyboard */ = {
			isa = PBXVariantGroup;
			children = (
				2A51348624BF83260002A55E /* Base */,
			);
			name = Main.storyboard;
			sourceTree = "<group>";
		};
		2A51348A24BF832B0002A55E /* LaunchScreen.storyboard */ = {
			isa = PBXVariantGroup;
			children = (
				2A51348B24BF832B0002A55E /* Base */,
			);
			name = LaunchScreen.storyboard;
			sourceTree = "<group>";
		};
/* End PBXVariantGroup section */

/* Begin XCBuildConfiguration section */
		2A51348E24BF832B0002A55E /* Debug */ = {
			isa = XCBuildConfiguration;
			buildSettings = {
				ALWAYS_SEARCH_USER_PATHS = NO;
				CLANG_ANALYZER_NONNULL = YES;
				CLANG_ANALYZER_NUMBER_OBJECT_CONVERSION = YES_AGGRESSIVE;
				CLANG_CXX_LANGUAGE_STANDARD = "gnu++14";
				CLANG_CXX_LIBRARY = "libc++";
				CLANG_ENABLE_MODULES = YES;
				CLANG_ENABLE_OBJC_ARC = YES;
				CLANG_ENABLE_OBJC_WEAK = YES;
				CLANG_WARN_BLOCK_CAPTURE_AUTORELEASING = YES;
				CLANG_WARN_BOOL_CONVERSION = YES;
				CLANG_WARN_COMMA = YES;
				CLANG_WARN_CONSTANT_CONVERSION = YES;
				CLANG_WARN_DEPRECATED_OBJC_IMPLEMENTATIONS = YES;
				CLANG_WARN_DIRECT_OBJC_ISA_USAGE = YES_ERROR;
				CLANG_WARN_DOCUMENTATION_COMMENTS = YES;
				CLANG_WARN_EMPTY_BODY = YES;
				CLANG_WARN_ENUM_CONVERSION = YES;
				CLANG_WARN_INFINITE_RECURSION = YES;
				CLANG_WARN_INT_CONVERSION = YES;
				CLANG_WARN_NON_LITERAL_NULL_CONVERSION = YES;
				CLANG_WARN_OBJC_IMPLICIT_RETAIN_SELF = YES;
				CLANG_WARN_OBJC_LITERAL_CONVERSION = YES;
				CLANG_WARN_OBJC_ROOT_CLASS = YES_ERROR;
				CLANG_WARN_RANGE_LOOP_ANALYSIS = YES;
				CLANG_WARN_STRICT_PROTOTYPES = YES;
				CLANG_WARN_SUSPICIOUS_MOVE = YES;
				CLANG_WARN_UNGUARDED_AVAILABILITY = YES_AGGRESSIVE;
				CLANG_WARN_UNREACHABLE_CODE = YES;
				CLANG_WARN__DUPLICATE_METHOD_MATCH = YES;
				COPY_PHASE_STRIP = NO;
				DEBUG_INFORMATION_FORMAT = dwarf;
				ENABLE_STRICT_OBJC_MSGSEND = YES;
				ENABLE_TESTABILITY = YES;
				GCC_C_LANGUAGE_STANDARD = gnu11;
				GCC_DYNAMIC_NO_PIC = NO;
				GCC_NO_COMMON_BLOCKS = YES;
				GCC_OPTIMIZATION_LEVEL = 0;
				GCC_PREPROCESSOR_DEFINITIONS = (
					"DEBUG=1",
					"$(inherited)",
				);
				GCC_WARN_64_TO_32_BIT_CONVERSION = YES;
				GCC_WARN_ABOUT_RETURN_TYPE = YES_ERROR;
				GCC_WARN_UNDECLARED_SELECTOR = YES;
				GCC_WARN_UNINITIALIZED_AUTOS = YES_AGGRESSIVE;
				GCC_WARN_UNUSED_FUNCTION = YES;
				GCC_WARN_UNUSED_VARIABLE = YES;
				IPHONEOS_DEPLOYMENT_TARGET = 13.5;
				MTL_ENABLE_DEBUG_INFO = INCLUDE_SOURCE;
				MTL_FAST_MATH = YES;
				ONLY_ACTIVE_ARCH = YES;
				SDKROOT = iphoneos;
				SWIFT_ACTIVE_COMPILATION_CONDITIONS = DEBUG;
				SWIFT_OPTIMIZATION_LEVEL = "-Onone";
			};
			name = Debug;
		};
		2A51348F24BF832B0002A55E /* Release */ = {
			isa = XCBuildConfiguration;
			buildSettings = {
				ALWAYS_SEARCH_USER_PATHS = NO;
				CLANG_ANALYZER_NONNULL = YES;
				CLANG_ANALYZER_NUMBER_OBJECT_CONVERSION = YES_AGGRESSIVE;
				CLANG_CXX_LANGUAGE_STANDARD = "gnu++14";
				CLANG_CXX_LIBRARY = "libc++";
				CLANG_ENABLE_MODULES = YES;
				CLANG_ENABLE_OBJC_ARC = YES;
				CLANG_ENABLE_OBJC_WEAK = YES;
				CLANG_WARN_BLOCK_CAPTURE_AUTORELEASING = YES;
				CLANG_WARN_BOOL_CONVERSION = YES;
				CLANG_WARN_COMMA = YES;
				CLANG_WARN_CONSTANT_CONVERSION = YES;
				CLANG_WARN_DEPRECATED_OBJC_IMPLEMENTATIONS = YES;
				CLANG_WARN_DIRECT_OBJC_ISA_USAGE = YES_ERROR;
				CLANG_WARN_DOCUMENTATION_COMMENTS = YES;
				CLANG_WARN_EMPTY_BODY = YES;
				CLANG_WARN_ENUM_CONVERSION = YES;
				CLANG_WARN_INFINITE_RECURSION = YES;
				CLANG_WARN_INT_CONVERSION = YES;
				CLANG_WARN_NON_LITERAL_NULL_CONVERSION = YES;
				CLANG_WARN_OBJC_IMPLICIT_RETAIN_SELF = YES;
				CLANG_WARN_OBJC_LITERAL_CONVERSION = YES;
				CLANG_WARN_OBJC_ROOT_CLASS = YES_ERROR;
				CLANG_WARN_RANGE_LOOP_ANALYSIS = YES;
				CLANG_WARN_STRICT_PROTOTYPES = YES;
				CLANG_WARN_SUSPICIOUS_MOVE = YES;
				CLANG_WARN_UNGUARDED_AVAILABILITY = YES_AGGRESSIVE;
				CLANG_WARN_UNREACHABLE_CODE = YES;
				CLANG_WARN__DUPLICATE_METHOD_MATCH = YES;
				COPY_PHASE_STRIP = NO;
				DEBUG_INFORMATION_FORMAT = "dwarf-with-dsym";
				ENABLE_NS_ASSERTIONS = NO;
				ENABLE_STRICT_OBJC_MSGSEND = YES;
				GCC_C_LANGUAGE_STANDARD = gnu11;
				GCC_NO_COMMON_BLOCKS = YES;
				GCC_WARN_64_TO_32_BIT_CONVERSION = YES;
				GCC_WARN_ABOUT_RETURN_TYPE = YES_ERROR;
				GCC_WARN_UNDECLARED_SELECTOR = YES;
				GCC_WARN_UNINITIALIZED_AUTOS = YES_AGGRESSIVE;
				GCC_WARN_UNUSED_FUNCTION = YES;
				GCC_WARN_UNUSED_VARIABLE = YES;
				IPHONEOS_DEPLOYMENT_TARGET = 13.5;
				MTL_ENABLE_DEBUG_INFO = NO;
				MTL_FAST_MATH = YES;
				SDKROOT = iphoneos;
				SWIFT_COMPILATION_MODE = wholemodule;
				SWIFT_OPTIMIZATION_LEVEL = "-O";
				VALIDATE_PRODUCT = YES;
			};
			name = Release;
		};
		2A51349124BF832B0002A55E /* Debug */ = {
			isa = XCBuildConfiguration;
			baseConfigurationReference = B7BDB3DC1A2F06DEF2B19781 /* Pods-Sprout.debug.xcconfig */;
			buildSettings = {
				ASSETCATALOG_COMPILER_APPICON_NAME = AppIcon;
				CODE_SIGN_STYLE = Automatic;
				DEVELOPMENT_TEAM = X6C4DMJ6L5;
				INFOPLIST_FILE = Sprout/Info.plist;
				IPHONEOS_DEPLOYMENT_TARGET = 13.0;
				LD_RUNPATH_SEARCH_PATHS = (
					"$(inherited)",
					"@executable_path/Frameworks",
				);
				PRODUCT_BUNDLE_IDENTIFIER = com.Sanzi.Sprout;
				PRODUCT_NAME = "$(TARGET_NAME)";
				SWIFT_VERSION = 5.0;
				TARGETED_DEVICE_FAMILY = 1;
			};
			name = Debug;
		};
		2A51349224BF832B0002A55E /* Release */ = {
			isa = XCBuildConfiguration;
			baseConfigurationReference = B46535AB6B36BF53F4F8856E /* Pods-Sprout.release.xcconfig */;
			buildSettings = {
				ASSETCATALOG_COMPILER_APPICON_NAME = AppIcon;
				CODE_SIGN_STYLE = Automatic;
				DEVELOPMENT_TEAM = X6C4DMJ6L5;
				INFOPLIST_FILE = Sprout/Info.plist;
				IPHONEOS_DEPLOYMENT_TARGET = 13.0;
				LD_RUNPATH_SEARCH_PATHS = (
					"$(inherited)",
					"@executable_path/Frameworks",
				);
				PRODUCT_BUNDLE_IDENTIFIER = com.Sanzi.Sprout;
				PRODUCT_NAME = "$(TARGET_NAME)";
				SWIFT_VERSION = 5.0;
				TARGETED_DEVICE_FAMILY = 1;
			};
			name = Release;
		};
/* End XCBuildConfiguration section */

/* Begin XCConfigurationList section */
		2A51347724BF83260002A55E /* Build configuration list for PBXProject "Sprout" */ = {
			isa = XCConfigurationList;
			buildConfigurations = (
				2A51348E24BF832B0002A55E /* Debug */,
				2A51348F24BF832B0002A55E /* Release */,
			);
			defaultConfigurationIsVisible = 0;
			defaultConfigurationName = Release;
		};
		2A51349024BF832B0002A55E /* Build configuration list for PBXNativeTarget "Sprout" */ = {
			isa = XCConfigurationList;
			buildConfigurations = (
				2A51349124BF832B0002A55E /* Debug */,
				2A51349224BF832B0002A55E /* Release */,
			);
			defaultConfigurationIsVisible = 0;
			defaultConfigurationName = Release;
		};
/* End XCConfigurationList section */
	};
	rootObject = 2A51347424BF83260002A55E /* Project object */;
}
